
Microsoft Visual Studio Solution File, Format Version 12.00
# Visual Studio Version 16
VisualStudioVersion = 16.0.31005.135
MinimumVisualStudioVersion = 10.0.40219.1
Project("{FAE04EC0-301F-11D3-BF4B-00C04F79EFBC}") = "Hahn.ApplicatonProcess.December2020.Web", "Hahn.ApplicatonProcess.December2020.Web\Hahn.ApplicatonProcess.December2020.Web.csproj", "{681C622A-E13E-4AC0-BB0A-61DDC40D0073}"
EndProject
Project("{FAE04EC0-301F-11D3-BF4B-00C04F79EFBC}") = "Hahn.ApplicatonProcess.December2020.Data", "Hahn.ApplicatonProcess.December2020.Data\Hahn.ApplicatonProcess.December2020.Data.csproj", "{ED085A6F-D89C-48DA-9823-43E75A14096B}"
EndProject
Project("{FAE04EC0-301F-11D3-BF4B-00C04F79EFBC}") = "Hahn.ApplicatonProcess.December2020.Domain", "Hahn.ApplicatonProcess.December2020.Domain\Hahn.ApplicatonProcess.December2020.Domain.csproj", "{CECE34B6-5381-4A19-9EE3-884EAF033DCF}"
EndProject
Global
	GlobalSection(SolutionConfigurationPlatforms) = preSolution
		Debug|Any CPU = Debug|Any CPU
		Release|Any CPU = Release|Any CPU
	EndGlobalSection
	GlobalSection(ProjectConfigurationPlatforms) = postSolution
		{681C622A-E13E-4AC0-BB0A-61DDC40D0073}.Debug|Any CPU.ActiveCfg = Debug|Any CPU
		{681C622A-E13E-4AC0-BB0A-61DDC40D0073}.Debug|Any CPU.Build.0 = Debug|Any CPU
		{681C622A-E13E-4AC0-BB0A-61DDC40D0073}.Release|Any CPU.ActiveCfg = Release|Any CPU
		{681C622A-E13E-4AC0-BB0A-61DDC40D0073}.Release|Any CPU.Build.0 = Release|Any CPU
		{ED085A6F-D89C-48DA-9823-43E75A14096B}.Debug|Any CPU.ActiveCfg = Debug|Any CPU
		{ED085A6F-D89C-48DA-9823-43E75A14096B}.Debug|Any CPU.Build.0 = Debug|Any CPU
		{ED085A6F-D89C-48DA-9823-43E75A14096B}.Release|Any CPU.ActiveCfg = Release|Any CPU
		{ED085A6F-D89C-48DA-9823-43E75A14096B}.Release|Any CPU.Build.0 = Release|Any CPU
		{CECE34B6-5381-4A19-9EE3-884EAF033DCF}.Debug|Any CPU.ActiveCfg = Debug|Any CPU
		{CECE34B6-5381-4A19-9EE3-884EAF033DCF}.Debug|Any CPU.Build.0 = Debug|Any CPU
		{CECE34B6-5381-4A19-9EE3-884EAF033DCF}.Release|Any CPU.ActiveCfg = Release|Any CPU
		{CECE34B6-5381-4A19-9EE3-884EAF033DCF}.Release|Any CPU.Build.0 = Release|Any CPU
	EndGlobalSection
	GlobalSection(SolutionProperties) = preSolution
		HideSolutionNode = FALSE
	EndGlobalSection
	GlobalSection(ExtensibilityGlobals) = postSolution
		SolutionGuid = {C1EEEF0A-DBCE-4529-B601-E2A454110B38}
	EndGlobalSection
EndGlobal
